// !$*UTF8*$!
{
	archiveVersion = 1;
	classes = {
	};
	objectVersion = 50;
	objects = {

/* Begin PBXBuildFile section */
		5E5EFD9AD0F35A246CBC1D7B /* libPods-JALHomePage.a in Frameworks */ = {isa = PBXBuildFile; fileRef = B1268BAED4CD25DE00420456 /* libPods-JALHomePage.a */; };
		ABD359682233920100901E4F /* AppDelegate.m in Sources */ = {isa = PBXBuildFile; fileRef = ABD359672233920100901E4F /* AppDelegate.m */; };
		ABD3596B2233920100901E4F /* JALHomePageController.m in Sources */ = {isa = PBXBuildFile; fileRef = ABD3596A2233920100901E4F /* JALHomePageController.m */; };
		ABD3596E2233920100901E4F /* Main.storyboard in Resources */ = {isa = PBXBuildFile; fileRef = ABD3596C2233920100901E4F /* Main.storyboard */; };
		ABD359702233920200901E4F /* Assets.xcassets in Resources */ = {isa = PBXBuildFile; fileRef = ABD3596F2233920200901E4F /* Assets.xcassets */; };
		ABD359732233920200901E4F /* LaunchScreen.storyboard in Resources */ = {isa = PBXBuildFile; fileRef = ABD359712233920200901E4F /* LaunchScreen.storyboard */; };
		ABD359762233920200901E4F /* main.m in Sources */ = {isa = PBXBuildFile; fileRef = ABD359752233920200901E4F /* main.m */; };
/* End PBXBuildFile section */

/* Begin PBXFileReference section */
		45E1541B2F5DFCF9DBF7186B /* Pods-JALHomePage.release.xcconfig */ = {isa = PBXFileReference; includeInIndex = 1; lastKnownFileType = text.xcconfig; name = "Pods-JALHomePage.release.xcconfig"; path = "Pods/Target Support Files/Pods-JALHomePage/Pods-JALHomePage.release.xcconfig"; sourceTree = "<group>"; };
		880383A828B5C21EF4D3657B /* Pods-JALHomePage.debug.xcconfig */ = {isa = PBXFileReference; includeInIndex = 1; lastKnownFileType = text.xcconfig; name = "Pods-JALHomePage.debug.xcconfig"; path = "Pods/Target Support Files/Pods-JALHomePage/Pods-JALHomePage.debug.xcconfig"; sourceTree = "<group>"; };
		ABD359632233920100901E4F /* JALHomePage.app */ = {isa = PBXFileReference; explicitFileType = wrapper.application; includeInIndex = 0; path = JALHomePage.app; sourceTree = BUILT_PRODUCTS_DIR; };
		ABD359662233920100901E4F /* AppDelegate.h */ = {isa = PBXFileReference; lastKnownFileType = sourcecode.c.h; path = AppDelegate.h; sourceTree = "<group>"; };
		ABD359672233920100901E4F /* AppDelegate.m */ = {isa = PBXFileReference; lastKnownFileType = sourcecode.c.objc; path = AppDelegate.m; sourceTree = "<group>"; };
		ABD359692233920100901E4F /* JALHomePageController.h */ = {isa = PBXFileReference; lastKnownFileType = sourcecode.c.h; path = JALHomePageController.h; sourceTree = "<group>"; };
		ABD3596A2233920100901E4F /* JALHomePageController.m */ = {isa = PBXFileReference; lastKnownFileType = sourcecode.c.objc; path = JALHomePageController.m; sourceTree = "<group>"; };
		ABD3596D2233920100901E4F /* Base */ = {isa = PBXFileReference; lastKnownFileType = file.storyboard; name = Base; path = Base.lproj/Main.storyboard; sourceTree = "<group>"; };
		ABD3596F2233920200901E4F /* Assets.xcassets */ = {isa = PBXFileReference; lastKnownFileType = folder.assetcatalog; path = Assets.xcassets; sourceTree = "<group>"; };
		ABD359722233920200901E4F /* Base */ = {isa = PBXFileReference; lastKnownFileType = file.storyboard; name = Base; path = Base.lproj/LaunchScreen.storyboard; sourceTree = "<group>"; };
		ABD359742233920200901E4F /* Info.plist */ = {isa = PBXFileReference; lastKnownFileType = text.plist.xml; path = Info.plist; sourceTree = "<group>"; };
		ABD359752233920200901E4F /* main.m */ = {isa = PBXFileReference; lastKnownFileType = sourcecode.c.objc; path = main.m; sourceTree = "<group>"; };
		ABD3597D2233980D00901E4F /* JALHomePagePrefixHeader.pch */ = {isa = PBXFileReference; lastKnownFileType = sourcecode.c.h; path = JALHomePagePrefixHeader.pch; sourceTree = "<group>"; };
		B1268BAED4CD25DE00420456 /* libPods-JALHomePage.a */ = {isa = PBXFileReference; explicitFileType = archive.ar; includeInIndex = 0; path = "libPods-JALHomePage.a"; sourceTree = BUILT_PRODUCTS_DIR; };
/* End PBXFileReference section */

/* Begin PBXFrameworksBuildPhase section */
		ABD359602233920100901E4F /* Frameworks */ = {
			isa = PBXFrameworksBuildPhase;
			buildActionMask = 2147483647;
			files = (
				5E5EFD9AD0F35A246CBC1D7B /* libPods-JALHomePage.a in Frameworks */,
			);
			runOnlyForDeploymentPostprocessing = 0;
		};
/* End PBXFrameworksBuildPhase section */

/* Begin PBXGroup section */
		3D41553A1AA9647A26DDD2BC /* Pods */ = {
			isa = PBXGroup;
			children = (
				880383A828B5C21EF4D3657B /* Pods-JALHomePage.debug.xcconfig */,
				45E1541B2F5DFCF9DBF7186B /* Pods-JALHomePage.release.xcconfig */,
			);
			name = Pods;
			sourceTree = "<group>";
		};
		58B06FE4F222C80CD94997A0 /* Frameworks */ = {
			isa = PBXGroup;
			children = (
				B1268BAED4CD25DE00420456 /* libPods-JALHomePage.a */,
			);
			name = Frameworks;
			sourceTree = "<group>";
		};
		ABD3595A2233920100901E4F = {
			isa = PBXGroup;
			children = (
				ABD359652233920100901E4F /* JALHomePage */,
				ABD359642233920100901E4F /* Products */,
				3D41553A1AA9647A26DDD2BC /* Pods */,
				58B06FE4F222C80CD94997A0 /* Frameworks */,
			);
			sourceTree = "<group>";
		};
		ABD359642233920100901E4F /* Products */ = {
			isa = PBXGroup;
			children = (
				ABD359632233920100901E4F /* JALHomePage.app */,
			);
			name = Products;
			sourceTree = "<group>";
		};
		ABD359652233920100901E4F /* JALHomePage */ = {
			isa = PBXGroup;
			children = (
				ABD3597C2233921E00901E4F /* Exclude */,
				ABD359692233920100901E4F /* JALHomePageController.h */,
				ABD3596A2233920100901E4F /* JALHomePageController.m */,
			);
			path = JALHomePage;
			sourceTree = "<group>";
		};
		ABD3597C2233921E00901E4F /* Exclude */ = {
			isa = PBXGroup;
			children = (
				ABD359662233920100901E4F /* AppDelegate.h */,
				ABD359672233920100901E4F /* AppDelegate.m */,
				ABD3596C2233920100901E4F /* Main.storyboard */,
				ABD3596F2233920200901E4F /* Assets.xcassets */,
				ABD359712233920200901E4F /* LaunchScreen.storyboard */,
				ABD359742233920200901E4F /* Info.plist */,
				ABD359752233920200901E4F /* main.m */,
				ABD3597D2233980D00901E4F /* JALHomePagePrefixHeader.pch */,
			);
			path = Exclude;
			sourceTree = "<group>";
		};
/* End PBXGroup section */

/* Begin PBXNativeTarget section */
		ABD359622233920100901E4F /* JALHomePage */ = {
			isa = PBXNativeTarget;
			buildConfigurationList = ABD359792233920200901E4F /* Build configuration list for PBXNativeTarget "JALHomePage" */;
			buildPhases = (
				33EC7EB2724702240A331D66 /* [CP] Check Pods Manifest.lock */,
				ABD3595F2233920100901E4F /* Sources */,
				ABD359602233920100901E4F /* Frameworks */,
				ABD359612233920100901E4F /* Resources */,
			);
			buildRules = (
			);
			dependencies = (
			);
			name = JALHomePage;
			productName = JALHomePage;
			productReference = ABD359632233920100901E4F /* JALHomePage.app */;
			productType = "com.apple.product-type.application";
		};
/* End PBXNativeTarget section */

/* Begin PBXProject section */
		ABD3595B2233920100901E4F /* Project object */ = {
			isa = PBXProject;
			attributes = {
				LastUpgradeCheck = 1010;
				ORGANIZATIONNAME = j066;
				TargetAttributes = {
					ABD359622233920100901E4F = {
						CreatedOnToolsVersion = 10.1;
					};
				};
			};
			buildConfigurationList = ABD3595E2233920100901E4F /* Build configuration list for PBXProject "JALHomePage" */;
			compatibilityVersion = "Xcode 9.3";
			developmentRegion = en;
			hasScannedForEncodings = 0;
			knownRegions = (
				en,
				Base,
			);
			mainGroup = ABD3595A2233920100901E4F;
			productRefGroup = ABD359642233920100901E4F /* Products */;
			projectDirPath = "";
			projectRoot = "";
			targets = (
				ABD359622233920100901E4F /* JALHomePage */,
			);
		};
/* End PBXProject section */

/* Begin PBXResourcesBuildPhase section */
		ABD359612233920100901E4F /* Resources */ = {
			isa = PBXResourcesBuildPhase;
			buildActionMask = 2147483647;
			files = (
				ABD359732233920200901E4F /* LaunchScreen.storyboard in Resources */,
				ABD359702233920200901E4F /* Assets.xcassets in Resources */,
				ABD3596E2233920100901E4F /* Main.storyboard in Resources */,
			);
			runOnlyForDeploymentPostprocessing = 0;
		};
/* End PBXResourcesBuildPhase section */

/* Begin PBXShellScriptBuildPhase section */
		33EC7EB2724702240A331D66 /* [CP] Check Pods Manifest.lock */ = {
			isa = PBXShellScriptBuildPhase;
			buildActionMask = 2147483647;
			files = (
			);
			inputPaths = (
				"${PODS_PODFILE_DIR_PATH}/Podfile.lock",
				"${PODS_ROOT}/Manifest.lock",
			);
			name = "[CP] Check Pods Manifest.lock";
			outputPaths = (
				"$(DERIVED_FILE_DIR)/Pods-JALHomePage-checkManifestLockResult.txt",
			);
			runOnlyForDeploymentPostprocessing = 0;
			shellPath = /bin/sh;
			shellScript = "diff \"${PODS_PODFILE_DIR_PATH}/Podfile.lock\" \"${PODS_ROOT}/Manifest.lock\" > /dev/null\nif [ $? != 0 ] ; then\n    # print error to STDERR\n    echo \"error: The sandbox is not in sync with the Podfile.lock. Run 'pod install' or update your CocoaPods installation.\" >&2\n    exit 1\nfi\n# This output is used by Xcode 'outputs' to avoid re-running this script phase.\necho \"SUCCESS\" > \"${SCRIPT_OUTPUT_FILE_0}\"\n";
			showEnvVarsInLog = 0;
		};
/* End PBXShellScriptBuildPhase section */

/* Begin PBXSourcesBuildPhase section */
		ABD3595F2233920100901E4F /* Sources */ = {
			isa = PBXSourcesBuildPhase;
			buildActionMask = 2147483647;
			files = (
				ABD3596B2233920100901E4F /* JALHomePageController.m in Sources */,
				ABD359762233920200901E4F /* main.m in Sources */,
				ABD359682233920100901E4F /* AppDelegate.m in Sources */,
			);
			runOnlyForDeploymentPostprocessing = 0;
		};
/* End PBXSourcesBuildPhase section */

/* Begin PBXVariantGroup section */
		ABD3596C2233920100901E4F /* Main.storyboard */ = {
			isa = PBXVariantGroup;
			children = (
				ABD3596D2233920100901E4F /* Base */,
			);
			name = Main.storyboard;
			sourceTree = "<group>";
		};
		ABD359712233920200901E4F /* LaunchScreen.storyboard */ = {
			isa = PBXVariantGroup;
			children = (
				ABD359722233920200901E4F /* Base */,
			);
			name = LaunchScreen.storyboard;
			sourceTree = "<group>";
		};
/* End PBXVariantGroup section */

/* Begin XCBuildConfiguration section */
		ABD359772233920200901E4F /* Debug */ = {
			isa = XCBuildConfiguration;
			buildSettings = {
				ALWAYS_SEARCH_USER_PATHS = NO;
				CLANG_ANALYZER_NONNULL = YES;
				CLANG_ANALYZER_NUMBER_OBJECT_CONVERSION = YES_AGGRESSIVE;
				CLANG_CXX_LANGUAGE_STANDARD = "gnu++14";
				CLANG_CXX_LIBRARY = "libc++";
				CLANG_ENABLE_MODULES = YES;
				CLANG_ENABLE_OBJC_ARC = YES;
				CLANG_ENABLE_OBJC_WEAK = YES;
				CLANG_WARN_BLOCK_CAPTURE_AUTORELEASING = YES;
				CLANG_WARN_BOOL_CONVERSION = YES;
				CLANG_WARN_COMMA = YES;
				CLANG_WARN_CONSTANT_CONVERSION = YES;
				CLANG_WARN_DEPRECATED_OBJC_IMPLEMENTATIONS = YES;
				CLANG_WARN_DIRECT_OBJC_ISA_USAGE = YES_ERROR;
				CLANG_WARN_DOCUMENTATION_COMMENTS = YES;
				CLANG_WARN_EMPTY_BODY = YES;
				CLANG_WARN_ENUM_CONVERSION = YES;
				CLANG_WARN_INFINITE_RECURSION = YES;
				CLANG_WARN_INT_CONVERSION = YES;
				CLANG_WARN_NON_LITERAL_NULL_CONVERSION = YES;
				CLANG_WARN_OBJC_IMPLICIT_RETAIN_SELF = YES;
				CLANG_WARN_OBJC_LITERAL_CONVERSION = YES;
				CLANG_WARN_OBJC_ROOT_CLASS = YES_ERROR;
				CLANG_WARN_RANGE_LOOP_ANALYSIS = YES;
				CLANG_WARN_STRICT_PROTOTYPES = YES;
				CLANG_WARN_SUSPICIOUS_MOVE = YES;
				CLANG_WARN_UNGUARDED_AVAILABILITY = YES_AGGRESSIVE;
				CLANG_WARN_UNREACHABLE_CODE = YES;
				CLANG_WARN__DUPLICATE_METHOD_MATCH = YES;
				CODE_SIGN_IDENTITY = "iPhone Developer";
				COPY_PHASE_STRIP = NO;
				DEBUG_INFORMATION_FORMAT = dwarf;
				ENABLE_STRICT_OBJC_MSGSEND = YES;
				ENABLE_TESTABILITY = YES;
				GCC_C_LANGUAGE_STANDARD = gnu11;
				GCC_DYNAMIC_NO_PIC = NO;
				GCC_NO_COMMON_BLOCKS = YES;
				GCC_OPTIMIZATION_LEVEL = 0;
				GCC_PREPROCESSOR_DEFINITIONS = (
					"DEBUG=1",
					"$(inherited)",
				);
				GCC_WARN_64_TO_32_BIT_CONVERSION = YES;
				GCC_WARN_ABOUT_RETURN_TYPE = YES_ERROR;
				GCC_WARN_UNDECLARED_SELECTOR = YES;
				GCC_WARN_UNINITIALIZED_AUTOS = YES_AGGRESSIVE;
				GCC_WARN_UNUSED_FUNCTION = YES;
				GCC_WARN_UNUSED_VARIABLE = YES;
				IPHONEOS_DEPLOYMENT_TARGET = 12.1;
				MTL_ENABLE_DEBUG_INFO = INCLUDE_SOURCE;
				MTL_FAST_MATH = YES;
				ONLY_ACTIVE_ARCH = YES;
				SDKROOT = iphoneos;
			};
			name = Debug;
		};
		ABD359782233920200901E4F /* Release */ = {
			isa = XCBuildConfiguration;
			buildSettings = {
				ALWAYS_SEARCH_USER_PATHS = NO;
				CLANG_ANALYZER_NONNULL = YES;
				CLANG_ANALYZER_NUMBER_OBJECT_CONVERSION = YES_AGGRESSIVE;
				CLANG_CXX_LANGUAGE_STANDARD = "gnu++14";
				CLANG_CXX_LIBRARY = "libc++";
				CLANG_ENABLE_MODULES = YES;
				CLANG_ENABLE_OBJC_ARC = YES;
				CLANG_ENABLE_OBJC_WEAK = YES;
				CLANG_WARN_BLOCK_CAPTURE_AUTORELEASING = YES;
				CLANG_WARN_BOOL_CONVERSION = YES;
				CLANG_WARN_COMMA = YES;
				CLANG_WARN_CONSTANT_CONVERSION = YES;
				CLANG_WARN_DEPRECATED_OBJC_IMPLEMENTATIONS = YES;
				CLANG_WARN_DIRECT_OBJC_ISA_USAGE = YES_ERROR;
				CLANG_WARN_DOCUMENTATION_COMMENTS = YES;
				CLANG_WARN_EMPTY_BODY = YES;
				CLANG_WARN_ENUM_CONVERSION = YES;
				CLANG_WARN_INFINITE_RECURSION = YES;
				CLANG_WARN_INT_CONVERSION = YES;
				CLANG_WARN_NON_LITERAL_NULL_CONVERSION = YES;
				CLANG_WARN_OBJC_IMPLICIT_RETAIN_SELF = YES;
				CLANG_WARN_OBJC_LITERAL_CONVERSION = YES;
				CLANG_WARN_OBJC_ROOT_CLASS = YES_ERROR;
				CLANG_WARN_RANGE_LOOP_ANALYSIS = YES;
				CLANG_WARN_STRICT_PROTOTYPES = YES;
				CLANG_WARN_SUSPICIOUS_MOVE = YES;
				CLANG_WARN_UNGUARDED_AVAILABILITY = YES_AGGRESSIVE;
				CLANG_WARN_UNREACHABLE_CODE = YES;
				CLANG_WARN__DUPLICATE_METHOD_MATCH = YES;
				CODE_SIGN_IDENTITY = "iPhone Developer";
				COPY_PHASE_STRIP = NO;
				DEBUG_INFORMATION_FORMAT = "dwarf-with-dsym";
				ENABLE_NS_ASSERTIONS = NO;
				ENABLE_STRICT_OBJC_MSGSEND = YES;
				GCC_C_LANGUAGE_STANDARD = gnu11;
				GCC_NO_COMMON_BLOCKS = YES;
				GCC_WARN_64_TO_32_BIT_CONVERSION = YES;
				GCC_WARN_ABOUT_RETURN_TYPE = YES_ERROR;
				GCC_WARN_UNDECLARED_SELECTOR = YES;
				GCC_WARN_UNINITIALIZED_AUTOS = YES_AGGRESSIVE;
				GCC_WARN_UNUSED_FUNCTION = YES;
				GCC_WARN_UNUSED_VARIABLE = YES;
				IPHONEOS_DEPLOYMENT_TARGET = 12.1;
				MTL_ENABLE_DEBUG_INFO = NO;
				MTL_FAST_MATH = YES;
				SDKROOT = iphoneos;
				VALIDATE_PRODUCT = YES;
			};
			name = Release;
		};
		ABD3597A2233920200901E4F /* Debug */ = {
			isa = XCBuildConfiguration;
			baseConfigurationReference = 880383A828B5C21EF4D3657B /* Pods-JALHomePage.debug.xcconfig */;
			buildSettings = {
				ASSETCATALOG_COMPILER_APPICON_NAME = AppIcon;
				CODE_SIGN_STYLE = Automatic;
				DEVELOPMENT_TEAM = PJXX47MLM6;
				GCC_PREFIX_HEADER = JALHomePage/Exclude/JALHomePagePrefixHeader.pch;
				INFOPLIST_FILE = "$(SRCROOT)/JALHomePage/Exclude/Info.plist";
				INFOPLIST_PREFIX_HEADER = "";
				IPHONEOS_DEPLOYMENT_TARGET = 9.0;
				LD_RUNPATH_SEARCH_PATHS = (
					"$(inherited)",
					"@executable_path/Frameworks",
				);
				PRODUCT_BUNDLE_IDENTIFIER = com.qijiang.JALHomePage;
				PRODUCT_NAME = "$(TARGET_NAME)";
				TARGETED_DEVICE_FAMILY = "1,2";
			};
			name = Debug;
		};
		ABD3597B2233920200901E4F /* Release */ = {
			isa = XCBuildConfiguration;
			baseConfigurationReference = 45E1541B2F5DFCF9DBF7186B /* Pods-JALHomePage.release.xcconfig */;
			buildSettings = {
				ASSETCATALOG_COMPILER_APPICON_NAME = AppIcon;
				CODE_SIGN_STYLE = Automatic;
				DEVELOPMENT_TEAM = PJXX47MLM6;
				GCC_PREFIX_HEADER = JALHomePage/Exclude/JALHomePagePrefixHeader.pch;
				INFOPLIST_FILE = "$(SRCROOT)/JALHomePage/Exclude/Info.plist";
				INFOPLIST_PREFIX_HEADER = "";
				IPHONEOS_DEPLOYMENT_TARGET = 9.0;
				LD_RUNPATH_SEARCH_PATHS = (
					"$(inherited)",
					"@executable_path/Frameworks",
				);
				PRODUCT_BUNDLE_IDENTIFIER = com.qijiang.JALHomePage;
				PRODUCT_NAME = "$(TARGET_NAME)";
				TARGETED_DEVICE_FAMILY = "1,2";
			};
			name = Release;
		};
/* End XCBuildConfiguration section */

/* Begin XCConfigurationList section */
		ABD3595E2233920100901E4F /* Build configuration list for PBXProject "JALHomePage" */ = {
			isa = XCConfigurationList;
			buildConfigurations = (
				ABD359772233920200901E4F /* Debug */,
				ABD359782233920200901E4F /* Release */,
			);
			defaultConfigurationIsVisible = 0;
			defaultConfigurationName = Release;
		};
		ABD359792233920200901E4F /* Build configuration list for PBXNativeTarget "JALHomePage" */ = {
			isa = XCConfigurationList;
			buildConfigurations = (
				ABD3597A2233920200901E4F /* Debug */,
				ABD3597B2233920200901E4F /* Release */,
			);
			defaultConfigurationIsVisible = 0;
			defaultConfigurationName = Release;
		};
/* End XCConfigurationList section */
	};
	rootObject = ABD3595B2233920100901E4F /* Project object */;
}
